
Microsoft Visual Studio Solution File, Format Version 12.00
# Visual Studio Version 17
VisualStudioVersion = 17.0.31903.59
MinimumVisualStudioVersion = 10.0.40219.1
Project("{2150E333-8FDC-42A3-9474-1A3956D46DE8}") = "src", "src", "{05DF8A2F-F2A6-4020-BCEF-BD843AA52EEF}"
EndProject
Project("{FAE04EC0-301F-11D3-BF4B-00C04F79EFBC}") = "FPROG.ConsoleApp", "src\FPROG.ConsoleApp\FPROG.ConsoleApp.csproj", "{B147026C-66C1-4A5D-A4A6-5FE17536BC14}"
EndProject
Project("{FAE04EC0-301F-11D3-BF4B-00C04F79EFBC}") = "FPROG.Core", "src\FPROG.Core\FPROG.Core.csproj", "{AFD899E5-164E-4484-BD4E-955118006574}"
EndProject
Project("{FAE04EC0-301F-11D3-BF4B-00C04F79EFBC}") = "FPROG.Tests", "src\FPROG.Tests\FPROG.Tests.csproj", "{CCA79DB5-5292-48F0-A00D-382C6EEA842F}"
EndProject
Global
	GlobalSection(SolutionConfigurationPlatforms) = preSolution
		Debug|Any CPU = Debug|Any CPU
		Release|Any CPU = Release|Any CPU
	EndGlobalSection
	GlobalSection(SolutionProperties) = preSolution
		HideSolutionNode = FALSE
	EndGlobalSection
	GlobalSection(ProjectConfigurationPlatforms) = postSolution
		{52377148-CD5B-476B-A84C-43B349CC4C8B}.Debug|Any CPU.ActiveCfg = Debug|Any CPU
		{52377148-CD5B-476B-A84C-43B349CC4C8B}.Debug|Any CPU.Build.0 = Debug|Any CPU
		{52377148-CD5B-476B-A84C-43B349CC4C8B}.Release|Any CPU.ActiveCfg = Release|Any CPU
		{52377148-CD5B-476B-A84C-43B349CC4C8B}.Release|Any CPU.Build.0 = Release|Any CPU
		{66D95369-BE4A-4986-A0D8-D12F6F2E4BBE}.Debug|Any CPU.ActiveCfg = Debug|Any CPU
		{66D95369-BE4A-4986-A0D8-D12F6F2E4BBE}.Debug|Any CPU.Build.0 = Debug|Any CPU
		{66D95369-BE4A-4986-A0D8-D12F6F2E4BBE}.Release|Any CPU.ActiveCfg = Release|Any CPU
		{66D95369-BE4A-4986-A0D8-D12F6F2E4BBE}.Release|Any CPU.Build.0 = Release|Any CPU
		{BC3DA540-2D2E-49BB-AA99-DD6BC5BF26EC}.Debug|Any CPU.ActiveCfg = Debug|Any CPU
		{BC3DA540-2D2E-49BB-AA99-DD6BC5BF26EC}.Debug|Any CPU.Build.0 = Debug|Any CPU
		{BC3DA540-2D2E-49BB-AA99-DD6BC5BF26EC}.Release|Any CPU.ActiveCfg = Release|Any CPU
		{BC3DA540-2D2E-49BB-AA99-DD6BC5BF26EC}.Release|Any CPU.Build.0 = Release|Any CPU
		{B147026C-66C1-4A5D-A4A6-5FE17536BC14}.Debug|Any CPU.ActiveCfg = Debug|Any CPU
		{B147026C-66C1-4A5D-A4A6-5FE17536BC14}.Debug|Any CPU.Build.0 = Debug|Any CPU
		{B147026C-66C1-4A5D-A4A6-5FE17536BC14}.Release|Any CPU.ActiveCfg = Release|Any CPU
		{B147026C-66C1-4A5D-A4A6-5FE17536BC14}.Release|Any CPU.Build.0 = Release|Any CPU
		{AFD899E5-164E-4484-BD4E-955118006574}.Debug|Any CPU.ActiveCfg = Debug|Any CPU
		{AFD899E5-164E-4484-BD4E-955118006574}.Debug|Any CPU.Build.0 = Debug|Any CPU
		{AFD899E5-164E-4484-BD4E-955118006574}.Release|Any CPU.ActiveCfg = Release|Any CPU
		{AFD899E5-164E-4484-BD4E-955118006574}.Release|Any CPU.Build.0 = Release|Any CPU
		{CCA79DB5-5292-48F0-A00D-382C6EEA842F}.Debug|Any CPU.ActiveCfg = Debug|Any CPU
		{CCA79DB5-5292-48F0-A00D-382C6EEA842F}.Debug|Any CPU.Build.0 = Debug|Any CPU
		{CCA79DB5-5292-48F0-A00D-382C6EEA842F}.Release|Any CPU.ActiveCfg = Release|Any CPU
		{CCA79DB5-5292-48F0-A00D-382C6EEA842F}.Release|Any CPU.Build.0 = Release|Any CPU
	EndGlobalSection
	GlobalSection(NestedProjects) = preSolution
		{52377148-CD5B-476B-A84C-43B349CC4C8B} = {05DF8A2F-F2A6-4020-BCEF-BD843AA52EEF}
		{66D95369-BE4A-4986-A0D8-D12F6F2E4BBE} = {05DF8A2F-F2A6-4020-BCEF-BD843AA52EEF}
		{BC3DA540-2D2E-49BB-AA99-DD6BC5BF26EC} = {05DF8A2F-F2A6-4020-BCEF-BD843AA52EEF}
		{B147026C-66C1-4A5D-A4A6-5FE17536BC14} = {05DF8A2F-F2A6-4020-BCEF-BD843AA52EEF}
		{AFD899E5-164E-4484-BD4E-955118006574} = {05DF8A2F-F2A6-4020-BCEF-BD843AA52EEF}
		{CCA79DB5-5292-48F0-A00D-382C6EEA842F} = {05DF8A2F-F2A6-4020-BCEF-BD843AA52EEF}
	EndGlobalSection
EndGlobal
